
Microsoft Visual Studio Solution File, Format Version 12.00
# Visual Studio 15
VisualStudioVersion = 15.0.28010.2003
MinimumVisualStudioVersion = 10.0.40219.1
Project("{FAE04EC0-301F-11D3-BF4B-00C04F79EFBC}") = "mkl.eventbus", "mkl.eventbus\mkl.eventbus.csproj", "{ADB331A7-481C-43FE-B9B4-1D1BD92514B3}"
EndProject
Project("{FAE04EC0-301F-11D3-BF4B-00C04F79EFBC}") = "mkl.eventbus.tests", "mkl.eventbus.tests\mkl.eventbus.tests.csproj", "{1AC97AA6-124A-42B5-9F47-B38FC9F47F75}"
EndProject
Project("{FAE04EC0-301F-11D3-BF4B-00C04F79EFBC}") = "mkl.eventbus.Masstransit", "mkl.eventbus.Masstransit\mkl.eventbus.Masstransit.csproj", "{B5B281EA-8278-455C-80F2-5F8DC9AB5B2F}"
EndProject
Project("{FAE04EC0-301F-11D3-BF4B-00C04F79EFBC}") = "mkl.eventbus.Masstransit.tests", "mkl.eventbus.Masstransit.tests\mkl.eventbus.Masstransit.tests.csproj", "{74F0E9B0-A76E-4B19-A273-1946437A8100}"
EndProject
Global
	GlobalSection(SolutionConfigurationPlatforms) = preSolution
		Debug|Any CPU = Debug|Any CPU
		Release|Any CPU = Release|Any CPU
	EndGlobalSection
	GlobalSection(ProjectConfigurationPlatforms) = postSolution
		{ADB331A7-481C-43FE-B9B4-1D1BD92514B3}.Debug|Any CPU.ActiveCfg = Debug|Any CPU
		{ADB331A7-481C-43FE-B9B4-1D1BD92514B3}.Debug|Any CPU.Build.0 = Debug|Any CPU
		{ADB331A7-481C-43FE-B9B4-1D1BD92514B3}.Release|Any CPU.ActiveCfg = Release|Any CPU
		{ADB331A7-481C-43FE-B9B4-1D1BD92514B3}.Release|Any CPU.Build.0 = Release|Any CPU
		{1AC97AA6-124A-42B5-9F47-B38FC9F47F75}.Debug|Any CPU.ActiveCfg = Debug|Any CPU
		{1AC97AA6-124A-42B5-9F47-B38FC9F47F75}.Debug|Any CPU.Build.0 = Debug|Any CPU
		{1AC97AA6-124A-42B5-9F47-B38FC9F47F75}.Release|Any CPU.ActiveCfg = Release|Any CPU
		{1AC97AA6-124A-42B5-9F47-B38FC9F47F75}.Release|Any CPU.Build.0 = Release|Any CPU
		{B5B281EA-8278-455C-80F2-5F8DC9AB5B2F}.Debug|Any CPU.ActiveCfg = Debug|Any CPU
		{B5B281EA-8278-455C-80F2-5F8DC9AB5B2F}.Debug|Any CPU.Build.0 = Debug|Any CPU
		{B5B281EA-8278-455C-80F2-5F8DC9AB5B2F}.Release|Any CPU.ActiveCfg = Release|Any CPU
		{B5B281EA-8278-455C-80F2-5F8DC9AB5B2F}.Release|Any CPU.Build.0 = Release|Any CPU
		{74F0E9B0-A76E-4B19-A273-1946437A8100}.Debug|Any CPU.ActiveCfg = Debug|Any CPU
		{74F0E9B0-A76E-4B19-A273-1946437A8100}.Debug|Any CPU.Build.0 = Debug|Any CPU
		{74F0E9B0-A76E-4B19-A273-1946437A8100}.Release|Any CPU.ActiveCfg = Release|Any CPU
		{74F0E9B0-A76E-4B19-A273-1946437A8100}.Release|Any CPU.Build.0 = Release|Any CPU
	EndGlobalSection
	GlobalSection(SolutionProperties) = preSolution
		HideSolutionNode = FALSE
	EndGlobalSection
	GlobalSection(ExtensibilityGlobals) = postSolution
		SolutionGuid = {D680705F-DB11-4D76-B465-31E1675DA2B9}
	EndGlobalSection
EndGlobal
